Microsoft Visual Studio Solution File, Format Version 12.00
# Visual Studio Version 17
VisualStudioVersion = 17.5.2.0
MinimumVisualStudioVersion = 10.0.40219.1
Project("{FAE04EC0-301F-11D3-BF4B-00C04F79EFBC}") = "CS2-EmitSoundVolumeFix", "CS2-EmitSoundVolumeFix.csproj", "{1340C6EC-74A5-D341-6954-D6D1378CE446}"
EndProject
Global
	GlobalSection(SolutionConfigurationPlatforms) = preSolution
		Debug|Any CPU = Debug|Any CPU
		Release|Any CPU = Release|Any CPU
	EndGlobalSection
	GlobalSection(ProjectConfigurationPlatforms) = postSolution
		{1340C6EC-74A5-D341-6954-D6D1378CE446}.Debug|Any CPU.ActiveCfg = Debug|Any CPU
		{1340C6EC-74A5-D341-6954-D6D1378CE446}.Debug|Any CPU.Build.0 = Debug|Any CPU
		{1340C6EC-74A5-D341-6954-D6D1378CE446}.Release|Any CPU.ActiveCfg = Release|Any CPU
		{1340C6EC-74A5-D341-6954-D6D1378CE446}.Release|Any CPU.Build.0 = Release|Any CPU
	EndGlobalSection
	GlobalSection(SolutionProperties) = preSolution
		HideSolutionNode = FALSE
	EndGlobalSection
	GlobalSection(ExtensibilityGlobals) = postSolution
		SolutionGuid = {1BB4D537-4C13-411F-80C4-39394A752F83}
	EndGlobalSection
EndGlobal
